// !$*UTF8*$!
{
	archiveVersion = 1;
	classes = {
	};
	objectVersion = 46;
	objects = {

/* Begin PBXBuildFile section */
		5313CA6A1CEF59EC00381588 /* main.m in Sources */ = {isa = PBXBuildFile; fileRef = 5313CA691CEF59EC00381588 /* main.m */; };
		5313CA6D1CEF59EC00381588 /* AppDelegate.m in Sources */ = {isa = PBXBuildFile; fileRef = 5313CA6C1CEF59EC00381588 /* AppDelegate.m */; };
		5313CA751CEF59ED00381588 /* Assets.xcassets in Resources */ = {isa = PBXBuildFile; fileRef = 5313CA741CEF59ED00381588 /* Assets.xcassets */; };
		5313CA781CEF59ED00381588 /* LaunchScreen.storyboard in Resources */ = {isa = PBXBuildFile; fileRef = 5313CA761CEF59ED00381588 /* LaunchScreen.storyboard */; };
		5313CA831CEF59ED00381588 /* FBReminderTests.m in Sources */ = {isa = PBXBuildFile; fileRef = 5313CA821CEF59ED00381588 /* FBReminderTests.m */; };
		5313CA8E1CEF59ED00381588 /* FBReminderUITests.m in Sources */ = {isa = PBXBuildFile; fileRef = 5313CA8D1CEF59ED00381588 /* FBReminderUITests.m */; };
		5313CAA11CEF5B8C00381588 /* FBMainViewController.m in Sources */ = {isa = PBXBuildFile; fileRef = 5313CAA01CEF5B8C00381588 /* FBMainViewController.m */; };
		5313CAA51CEF5C0600381588 /* FBReminderItem.m in Sources */ = {isa = PBXBuildFile; fileRef = 5313CAA41CEF5C0600381588 /* FBReminderItem.m */; };
		5316E6DF1CEF5E2D006DC2B3 /* FBNewReminderViewController.m in Sources */ = {isa = PBXBuildFile; fileRef = 5316E6DE1CEF5E2D006DC2B3 /* FBNewReminderViewController.m */; };
		537EB8EB1CFB33B500085840 /* FBNewReminderDatePickerViewController.m in Sources */ = {isa = PBXBuildFile; fileRef = 537EB8EA1CFB33B500085840 /* FBNewReminderDatePickerViewController.m */; };
		537EB8EE1CFB348700085840 /* FBPresentNavigationView.m in Sources */ = {isa = PBXBuildFile; fileRef = 537EB8ED1CFB348700085840 /* FBPresentNavigationView.m */; };
		53B1A8001CF05F29002DFB04 /* FBNewReminderTitleTableViewCell.m in Sources */ = {isa = PBXBuildFile; fileRef = 53B1A7FF1CF05F29002DFB04 /* FBNewReminderTitleTableViewCell.m */; };
		53B1A8031CF06597002DFB04 /* Image.xcassets in Resources */ = {isa = PBXBuildFile; fileRef = 53B1A8021CF06597002DFB04 /* Image.xcassets */; };
		53D1E0991CF991D500A5D0F8 /* FBNewReminderDatePickerTableViewCell.m in Sources */ = {isa = PBXBuildFile; fileRef = 53D1E0981CF991D500A5D0F8 /* FBNewReminderDatePickerTableViewCell.m */; };
		53D1E09E1CF9960100A5D0F8 /* FBNewReminderForm.m in Sources */ = {isa = PBXBuildFile; fileRef = 53D1E09D1CF9960100A5D0F8 /* FBNewReminderForm.m */; };
		53D1E0A41CFB279E00A5D0F8 /* FBNewReminderTimePickerTableViewCell.m in Sources */ = {isa = PBXBuildFile; fileRef = 53D1E0A31CFB279E00A5D0F8 /* FBNewReminderTimePickerTableViewCell.m */; };
		53D1E0A71CFB2A0300A5D0F8 /* KPTimePicker.m in Sources */ = {isa = PBXBuildFile; fileRef = 53D1E0A61CFB2A0300A5D0F8 /* KPTimePicker.m */; };
		53D1E0AA1CFB2A4500A5D0F8 /* Categories.m in Sources */ = {isa = PBXBuildFile; fileRef = 53D1E0A91CFB2A4500A5D0F8 /* Categories.m */; };
		53D1E0B91CFB2A5B00A5D0F8 /* checkmark_icon_white.png in Resources */ = {isa = PBXBuildFile; fileRef = 53D1E0AC1CFB2A5B00A5D0F8 /* checkmark_icon_white.png */; };
		53D1E0BA1CFB2A5B00A5D0F8 /* checkmark_icon_white@2x.png in Resources */ = {isa = PBXBuildFile; fileRef = 53D1E0AD1CFB2A5B00A5D0F8 /* checkmark_icon_white@2x.png */; };
		53D1E0BB1CFB2A5B00A5D0F8 /* picker_wheel@2x.png in Resources */ = {isa = PBXBuildFile; fileRef = 53D1E0AE1CFB2A5B00A5D0F8 /* picker_wheel@2x.png */; };
		53D1E0BC1CFB2A5B00A5D0F8 /* picker_wheel_ip4.png in Resources */ = {isa = PBXBuildFile; fileRef = 53D1E0AF1CFB2A5B00A5D0F8 /* picker_wheel_ip4.png */; };
		53D1E0BD1CFB2A5B00A5D0F8 /* picker_wheel_ip4@2x.png in Resources */ = {isa = PBXBuildFile; fileRef = 53D1E0B01CFB2A5B00A5D0F8 /* picker_wheel_ip4@2x.png */; };
		53D1E0BE1CFB2A5B00A5D0F8 /* round_backarrow_big-high.png in Resources */ = {isa = PBXBuildFile; fileRef = 53D1E0B11CFB2A5B00A5D0F8 /* round_backarrow_big-high.png */; };
		53D1E0BF1CFB2A5B00A5D0F8 /* round_backarrow_big-high@2x.png in Resources */ = {isa = PBXBuildFile; fileRef = 53D1E0B21CFB2A5B00A5D0F8 /* round_backarrow_big-high@2x.png */; };
		53D1E0C01CFB2A5B00A5D0F8 /* round_backarrow_big.png in Resources */ = {isa = PBXBuildFile; fileRef = 53D1E0B31CFB2A5B00A5D0F8 /* round_backarrow_big.png */; };
		53D1E0C11CFB2A5B00A5D0F8 /* round_backarrow_big@2x.png in Resources */ = {isa = PBXBuildFile; fileRef = 53D1E0B41CFB2A5B00A5D0F8 /* round_backarrow_big@2x.png */; };
		53D1E0C21CFB2A5B00A5D0F8 /* schedule_image_moon-high.png in Resources */ = {isa = PBXBuildFile; fileRef = 53D1E0B51CFB2A5B00A5D0F8 /* schedule_image_moon-high.png */; };
		53D1E0C31CFB2A5B00A5D0F8 /* schedule_image_moon-high@2x.png in Resources */ = {isa = PBXBuildFile; fileRef = 53D1E0B61CFB2A5B00A5D0F8 /* schedule_image_moon-high@2x.png */; };
		53D1E0C41CFB2A5B00A5D0F8 /* schedule_image_sun-high.png in Resources */ = {isa = PBXBuildFile; fileRef = 53D1E0B71CFB2A5B00A5D0F8 /* schedule_image_sun-high.png */; };
		53D1E0C51CFB2A5B00A5D0F8 /* schedule_image_sun-high@2x.png in Resources */ = {isa = PBXBuildFile; fileRef = 53D1E0B81CFB2A5B00A5D0F8 /* schedule_image_sun-high@2x.png */; };
		5F80679F60F7CBD59FC03DEE /* libPods-FBReminderTests.a in Frameworks */ = {isa = PBXBuildFile; fileRef = 4AF6B9A260B298C0E3F187D3 /* libPods-FBReminderTests.a */; };
		701EA992FD9EBC6FCC4F5081 /* libPods-FBReminder.a in Frameworks */ = {isa = PBXBuildFile; fileRef = A5FF52626131FE70613B2CF5 /* libPods-FBReminder.a */; };
		AECB4D38BD27821ADD1D11AB /* libPods-FBReminderUITests.a in Frameworks */ = {isa = PBXBuildFile; fileRef = B17E982D0BD76F1807B72C81 /* libPods-FBReminderUITests.a */; };
/* End PBXBuildFile section */

/* Begin PBXContainerItemProxy section */
		5313CA7F1CEF59ED00381588 /* PBXContainerItemProxy */ = {
			isa = PBXContainerItemProxy;
			containerPortal = 5313CA5D1CEF59EC00381588 /* Project object */;
			proxyType = 1;
			remoteGlobalIDString = 5313CA641CEF59EC00381588;
			remoteInfo = FBReminder;
		};
		5313CA8A1CEF59ED00381588 /* PBXContainerItemProxy */ = {
			isa = PBXContainerItemProxy;
			containerPortal = 5313CA5D1CEF59EC00381588 /* Project object */;
			proxyType = 1;
			remoteGlobalIDString = 5313CA641CEF59EC00381588;
			remoteInfo = FBReminder;
		};
/* End PBXContainerItemProxy section */

/* Begin PBXFileReference section */
		04D7642B4326FE4FE6E96B5E /* Pods-FBReminderTests.release.xcconfig */ = {isa = PBXFileReference; includeInIndex = 1; lastKnownFileType = text.xcconfig; name = "Pods-FBReminderTests.release.xcconfig"; path = "Pods/Target Support Files/Pods-FBReminderTests/Pods-FBReminderTests.release.xcconfig"; sourceTree = "<group>"; };
		08522122B31AEDBF636EB86C /* Pods-FBReminderUITests.debug.xcconfig */ = {isa = PBXFileReference; includeInIndex = 1; lastKnownFileType = text.xcconfig; name = "Pods-FBReminderUITests.debug.xcconfig"; path = "Pods/Target Support Files/Pods-FBReminderUITests/Pods-FBReminderUITests.debug.xcconfig"; sourceTree = "<group>"; };
		2089BDFAD117AAC753E968DC /* Pods-FBReminder.release.xcconfig */ = {isa = PBXFileReference; includeInIndex = 1; lastKnownFileType = text.xcconfig; name = "Pods-FBReminder.release.xcconfig"; path = "Pods/Target Support Files/Pods-FBReminder/Pods-FBReminder.release.xcconfig"; sourceTree = "<group>"; };
		4AF6B9A260B298C0E3F187D3 /* libPods-FBReminderTests.a */ = {isa = PBXFileReference; explicitFileType = archive.ar; includeInIndex = 0; path = "libPods-FBReminderTests.a"; sourceTree = BUILT_PRODUCTS_DIR; };
		5313CA651CEF59EC00381588 /* FBReminder.app */ = {isa = PBXFileReference; explicitFileType = wrapper.application; includeInIndex = 0; path = FBReminder.app; sourceTree = BUILT_PRODUCTS_DIR; };
		5313CA691CEF59EC00381588 /* main.m */ = {isa = PBXFileReference; lastKnownFileType = sourcecode.c.objc; path = main.m; sourceTree = "<group>"; };
		5313CA6B1CEF59EC00381588 /* AppDelegate.h */ = {isa = PBXFileReference; lastKnownFileType = sourcecode.c.h; path = AppDelegate.h; sourceTree = "<group>"; };
		5313CA6C1CEF59EC00381588 /* AppDelegate.m */ = {isa = PBXFileReference; lastKnownFileType = sourcecode.c.objc; path = AppDelegate.m; sourceTree = "<group>"; };
		5313CA741CEF59ED00381588 /* Assets.xcassets */ = {isa = PBXFileReference; lastKnownFileType = folder.assetcatalog; path = Assets.xcassets; sourceTree = "<group>"; };
		5313CA771CEF59ED00381588 /* Base */ = {isa = PBXFileReference; lastKnownFileType = file.storyboard; name = Base; path = Base.lproj/LaunchScreen.storyboard; sourceTree = "<group>"; };
		5313CA791CEF59ED00381588 /* Info.plist */ = {isa = PBXFileReference; lastKnownFileType = text.plist.xml; path = Info.plist; sourceTree = "<group>"; };
		5313CA7E1CEF59ED00381588 /* FBReminderTests.xctest */ = {isa = PBXFileReference; explicitFileType = wrapper.cfbundle; includeInIndex = 0; path = FBReminderTests.xctest; sourceTree = BUILT_PRODUCTS_DIR; };
		5313CA821CEF59ED00381588 /* FBReminderTests.m */ = {isa = PBXFileReference; lastKnownFileType = sourcecode.c.objc; path = FBReminderTests.m; sourceTree = "<group>"; };
		5313CA841CEF59ED00381588 /* Info.plist */ = {isa = PBXFileReference; lastKnownFileType = text.plist.xml; path = Info.plist; sourceTree = "<group>"; };
		5313CA891CEF59ED00381588 /* FBReminderUITests.xctest */ = {isa = PBXFileReference; explicitFileType = wrapper.cfbundle; includeInIndex = 0; path = FBReminderUITests.xctest; sourceTree = BUILT_PRODUCTS_DIR; };
		5313CA8D1CEF59ED00381588 /* FBReminderUITests.m */ = {isa = PBXFileReference; lastKnownFileType = sourcecode.c.objc; path = FBReminderUITests.m; sourceTree = "<group>"; };
		5313CA8F1CEF59ED00381588 /* Info.plist */ = {isa = PBXFileReference; lastKnownFileType = text.plist.xml; path = Info.plist; sourceTree = "<group>"; };
		5313CA9F1CEF5B8C00381588 /* FBMainViewController.h */ = {isa = PBXFileReference; fileEncoding = 4; lastKnownFileType = sourcecode.c.h; path = FBMainViewController.h; sourceTree = "<group>"; };
		5313CAA01CEF5B8C00381588 /* FBMainViewController.m */ = {isa = PBXFileReference; fileEncoding = 4; lastKnownFileType = sourcecode.c.objc; path = FBMainViewController.m; sourceTree = "<group>"; };
		5313CAA31CEF5C0600381588 /* FBReminderItem.h */ = {isa = PBXFileReference; fileEncoding = 4; lastKnownFileType = sourcecode.c.h; path = FBReminderItem.h; sourceTree = "<group>"; };
		5313CAA41CEF5C0600381588 /* FBReminderItem.m */ = {isa = PBXFileReference; fileEncoding = 4; lastKnownFileType = sourcecode.c.objc; path = FBReminderItem.m; sourceTree = "<group>"; };
		5316E6DD1CEF5E2D006DC2B3 /* FBNewReminderViewController.h */ = {isa = PBXFileReference; fileEncoding = 4; lastKnownFileType = sourcecode.c.h; path = FBNewReminderViewController.h; sourceTree = "<group>"; };
		5316E6DE1CEF5E2D006DC2B3 /* FBNewReminderViewController.m */ = {isa = PBXFileReference; fileEncoding = 4; lastKnownFileType = sourcecode.c.objc; path = FBNewReminderViewController.m; sourceTree = "<group>"; };
		537EB8E91CFB33B500085840 /* FBNewReminderDatePickerViewController.h */ = {isa = PBXFileReference; fileEncoding = 4; lastKnownFileType = sourcecode.c.h; path = FBNewReminderDatePickerViewController.h; sourceTree = "<group>"; };
		537EB8EA1CFB33B500085840 /* FBNewReminderDatePickerViewController.m */ = {isa = PBXFileReference; fileEncoding = 4; lastKnownFileType = sourcecode.c.objc; path = FBNewReminderDatePickerViewController.m; sourceTree = "<group>"; };
		537EB8EC1CFB348700085840 /* FBPresentNavigationView.h */ = {isa = PBXFileReference; fileEncoding = 4; lastKnownFileType = sourcecode.c.h; path = FBPresentNavigationView.h; sourceTree = "<group>"; };
		537EB8ED1CFB348700085840 /* FBPresentNavigationView.m */ = {isa = PBXFileReference; fileEncoding = 4; lastKnownFileType = sourcecode.c.objc; path = FBPresentNavigationView.m; sourceTree = "<group>"; };
		53B1A7FE1CF05F29002DFB04 /* FBNewReminderTitleTableViewCell.h */ = {isa = PBXFileReference; fileEncoding = 4; lastKnownFileType = sourcecode.c.h; path = FBNewReminderTitleTableViewCell.h; sourceTree = "<group>"; };
		53B1A7FF1CF05F29002DFB04 /* FBNewReminderTitleTableViewCell.m */ = {isa = PBXFileReference; fileEncoding = 4; lastKnownFileType = sourcecode.c.objc; path = FBNewReminderTitleTableViewCell.m; sourceTree = "<group>"; };
		53B1A8021CF06597002DFB04 /* Image.xcassets */ = {isa = PBXFileReference; lastKnownFileType = folder.assetcatalog; path = Image.xcassets; sourceTree = "<group>"; };
		53D1E0971CF991D500A5D0F8 /* FBNewReminderDatePickerTableViewCell.h */ = {isa = PBXFileReference; fileEncoding = 4; lastKnownFileType = sourcecode.c.h; path = FBNewReminderDatePickerTableViewCell.h; sourceTree = "<group>"; };
		53D1E0981CF991D500A5D0F8 /* FBNewReminderDatePickerTableViewCell.m */ = {isa = PBXFileReference; fileEncoding = 4; lastKnownFileType = sourcecode.c.objc; path = FBNewReminderDatePickerTableViewCell.m; sourceTree = "<group>"; };
		53D1E09B1CF9925000A5D0F8 /* FBReminderConstants.h */ = {isa = PBXFileReference; lastKnownFileType = sourcecode.c.h; path = FBReminderConstants.h; sourceTree = "<group>"; };
		53D1E09C1CF9960100A5D0F8 /* FBNewReminderForm.h */ = {isa = PBXFileReference; fileEncoding = 4; lastKnownFileType = sourcecode.c.h; path = FBNewReminderForm.h; sourceTree = "<group>"; };
		53D1E09D1CF9960100A5D0F8 /* FBNewReminderForm.m */ = {isa = PBXFileReference; fileEncoding = 4; lastKnownFileType = sourcecode.c.objc; path = FBNewReminderForm.m; sourceTree = "<group>"; };
		53D1E0A21CFB279E00A5D0F8 /* FBNewReminderTimePickerTableViewCell.h */ = {isa = PBXFileReference; fileEncoding = 4; lastKnownFileType = sourcecode.c.h; path = FBNewReminderTimePickerTableViewCell.h; sourceTree = "<group>"; };
		53D1E0A31CFB279E00A5D0F8 /* FBNewReminderTimePickerTableViewCell.m */ = {isa = PBXFileReference; fileEncoding = 4; lastKnownFileType = sourcecode.c.objc; path = FBNewReminderTimePickerTableViewCell.m; sourceTree = "<group>"; };
		53D1E0A51CFB2A0300A5D0F8 /* KPTimePicker.h */ = {isa = PBXFileReference; fileEncoding = 4; lastKnownFileType = sourcecode.c.h; path = KPTimePicker.h; sourceTree = "<group>"; };
		53D1E0A61CFB2A0300A5D0F8 /* KPTimePicker.m */ = {isa = PBXFileReference; fileEncoding = 4; lastKnownFileType = sourcecode.c.objc; path = KPTimePicker.m; sourceTree = "<group>"; };
		53D1E0A81CFB2A4500A5D0F8 /* Categories.h */ = {isa = PBXFileReference; fileEncoding = 4; lastKnownFileType = sourcecode.c.h; path = Categories.h; sourceTree = "<group>"; };
		53D1E0A91CFB2A4500A5D0F8 /* Categories.m */ = {isa = PBXFileReference; fileEncoding = 4; lastKnownFileType = sourcecode.c.objc; path = Categories.m; sourceTree = "<group>"; };
		53D1E0AC1CFB2A5B00A5D0F8 /* checkmark_icon_white.png */ = {isa = PBXFileReference; lastKnownFileType = image.png; path = checkmark_icon_white.png; sourceTree = "<group>"; };
		53D1E0AD1CFB2A5B00A5D0F8 /* checkmark_icon_white@2x.png */ = {isa = PBXFileReference; lastKnownFileType = image.png; path = "checkmark_icon_white@2x.png"; sourceTree = "<group>"; };
		53D1E0AE1CFB2A5B00A5D0F8 /* picker_wheel@2x.png */ = {isa = PBXFileReference; lastKnownFileType = image.png; path = "picker_wheel@2x.png"; sourceTree = "<group>"; };
		53D1E0AF1CFB2A5B00A5D0F8 /* picker_wheel_ip4.png */ = {isa = PBXFileReference; lastKnownFileType = image.png; path = picker_wheel_ip4.png; sourceTree = "<group>"; };
		53D1E0B01CFB2A5B00A5D0F8 /* picker_wheel_ip4@2x.png */ = {isa = PBXFileReference; lastKnownFileType = image.png; path = "picker_wheel_ip4@2x.png"; sourceTree = "<group>"; };
		53D1E0B11CFB2A5B00A5D0F8 /* round_backarrow_big-high.png */ = {isa = PBXFileReference; lastKnownFileType = image.png; path = "round_backarrow_big-high.png"; sourceTree = "<group>"; };
		53D1E0B21CFB2A5B00A5D0F8 /* round_backarrow_big-high@2x.png */ = {isa = PBXFileReference; lastKnownFileType = image.png; path = "round_backarrow_big-high@2x.png"; sourceTree = "<group>"; };
		53D1E0B31CFB2A5B00A5D0F8 /* round_backarrow_big.png */ = {isa = PBXFileReference; lastKnownFileType = image.png; path = round_backarrow_big.png; sourceTree = "<group>"; };
		53D1E0B41CFB2A5B00A5D0F8 /* round_backarrow_big@2x.png */ = {isa = PBXFileReference; lastKnownFileType = image.png; path = "round_backarrow_big@2x.png"; sourceTree = "<group>"; };
		53D1E0B51CFB2A5B00A5D0F8 /* schedule_image_moon-high.png */ = {isa = PBXFileReference; lastKnownFileType = image.png; path = "schedule_image_moon-high.png"; sourceTree = "<group>"; };
		53D1E0B61CFB2A5B00A5D0F8 /* schedule_image_moon-high@2x.png */ = {isa = PBXFileReference; lastKnownFileType = image.png; path = "schedule_image_moon-high@2x.png"; sourceTree = "<group>"; };
		53D1E0B71CFB2A5B00A5D0F8 /* schedule_image_sun-high.png */ = {isa = PBXFileReference; lastKnownFileType = image.png; path = "schedule_image_sun-high.png"; sourceTree = "<group>"; };
		53D1E0B81CFB2A5B00A5D0F8 /* schedule_image_sun-high@2x.png */ = {isa = PBXFileReference; lastKnownFileType = image.png; path = "schedule_image_sun-high@2x.png"; sourceTree = "<group>"; };
		5507FBFE4CFBC6B3BEA11110 /* Pods-FBReminderTests.debug.xcconfig */ = {isa = PBXFileReference; includeInIndex = 1; lastKnownFileType = text.xcconfig; name = "Pods-FBReminderTests.debug.xcconfig"; path = "Pods/Target Support Files/Pods-FBReminderTests/Pods-FBReminderTests.debug.xcconfig"; sourceTree = "<group>"; };
		920095CC982D638E58426AEE /* Pods-FBReminderUITests.release.xcconfig */ = {isa = PBXFileReference; includeInIndex = 1; lastKnownFileType = text.xcconfig; name = "Pods-FBReminderUITests.release.xcconfig"; path = "Pods/Target Support Files/Pods-FBReminderUITests/Pods-FBReminderUITests.release.xcconfig"; sourceTree = "<group>"; };
		A5FF52626131FE70613B2CF5 /* libPods-FBReminder.a */ = {isa = PBXFileReference; explicitFileType = archive.ar; includeInIndex = 0; path = "libPods-FBReminder.a"; sourceTree = BUILT_PRODUCTS_DIR; };
		B17E982D0BD76F1807B72C81 /* libPods-FBReminderUITests.a */ = {isa = PBXFileReference; explicitFileType = archive.ar; includeInIndex = 0; path = "libPods-FBReminderUITests.a"; sourceTree = BUILT_PRODUCTS_DIR; };
		BCD4FB1DCE7185C354B3F4D5 /* Pods-FBReminder.debug.xcconfig */ = {isa = PBXFileReference; includeInIndex = 1; lastKnownFileType = text.xcconfig; name = "Pods-FBReminder.debug.xcconfig"; path = "Pods/Target Support Files/Pods-FBReminder/Pods-FBReminder.debug.xcconfig"; sourceTree = "<group>"; };
/* End PBXFileReference section */

/* Begin PBXFrameworksBuildPhase section */
		5313CA621CEF59EC00381588 /* Frameworks */ = {
			isa = PBXFrameworksBuildPhase;
			buildActionMask = 2147483647;
			files = (
				701EA992FD9EBC6FCC4F5081 /* libPods-FBReminder.a in Frameworks */,
			);
			runOnlyForDeploymentPostprocessing = 0;
		};
		5313CA7B1CEF59ED00381588 /* Frameworks */ = {
			isa = PBXFrameworksBuildPhase;
			buildActionMask = 2147483647;
			files = (
				5F80679F60F7CBD59FC03DEE /* libPods-FBReminderTests.a in Frameworks */,
			);
			runOnlyForDeploymentPostprocessing = 0;
		};
		5313CA861CEF59ED00381588 /* Frameworks */ = {
			isa = PBXFrameworksBuildPhase;
			buildActionMask = 2147483647;
			files = (
				AECB4D38BD27821ADD1D11AB /* libPods-FBReminderUITests.a in Frameworks */,
			);
			runOnlyForDeploymentPostprocessing = 0;
		};
/* End PBXFrameworksBuildPhase section */

/* Begin PBXGroup section */
		2731D455CDFF8D5B6FF38560 /* Pods */ = {
			isa = PBXGroup;
			children = (
				BCD4FB1DCE7185C354B3F4D5 /* Pods-FBReminder.debug.xcconfig */,
				2089BDFAD117AAC753E968DC /* Pods-FBReminder.release.xcconfig */,
				5507FBFE4CFBC6B3BEA11110 /* Pods-FBReminderTests.debug.xcconfig */,
				04D7642B4326FE4FE6E96B5E /* Pods-FBReminderTests.release.xcconfig */,
				08522122B31AEDBF636EB86C /* Pods-FBReminderUITests.debug.xcconfig */,
				920095CC982D638E58426AEE /* Pods-FBReminderUITests.release.xcconfig */,
			);
			name = Pods;
			sourceTree = "<group>";
		};
		5313CA5C1CEF59EC00381588 = {
			isa = PBXGroup;
			children = (
				5313CA671CEF59EC00381588 /* FBReminder */,
				5313CA811CEF59ED00381588 /* FBReminderTests */,
				5313CA8C1CEF59ED00381588 /* FBReminderUITests */,
				5313CA661CEF59EC00381588 /* Products */,
				2731D455CDFF8D5B6FF38560 /* Pods */,
				5B4C1262B31375F7F2E80613 /* Frameworks */,
			);
			sourceTree = "<group>";
		};
		5313CA661CEF59EC00381588 /* Products */ = {
			isa = PBXGroup;
			children = (
				5313CA651CEF59EC00381588 /* FBReminder.app */,
				5313CA7E1CEF59ED00381588 /* FBReminderTests.xctest */,
				5313CA891CEF59ED00381588 /* FBReminderUITests.xctest */,
			);
			name = Products;
			sourceTree = "<group>";
		};
		5313CA671CEF59EC00381588 /* FBReminder */ = {
			isa = PBXGroup;
			children = (
				53D1E09F1CFB271900A5D0F8 /* ThirdPartyLibrary */,
				53D1E09B1CF9925000A5D0F8 /* FBReminderConstants.h */,
				53B1A8011CF06586002DFB04 /* Resource */,
				5313CAA21CEF5BED00381588 /* Model */,
				53B1A7FD1CF05EF9002DFB04 /* View */,
				5313CA9E1CEF5B8100381588 /* ViewController */,
				5313CA6B1CEF59EC00381588 /* AppDelegate.h */,
				5313CA6C1CEF59EC00381588 /* AppDelegate.m */,
				5313CA741CEF59ED00381588 /* Assets.xcassets */,
				5313CA761CEF59ED00381588 /* LaunchScreen.storyboard */,
				5313CA791CEF59ED00381588 /* Info.plist */,
				5313CA681CEF59EC00381588 /* Supporting Files */,
			);
			path = FBReminder;
			sourceTree = "<group>";
		};
		5313CA681CEF59EC00381588 /* Supporting Files */ = {
			isa = PBXGroup;
			children = (
				5313CA691CEF59EC00381588 /* main.m */,
			);
			name = "Supporting Files";
			sourceTree = "<group>";
		};
		5313CA811CEF59ED00381588 /* FBReminderTests */ = {
			isa = PBXGroup;
			children = (
				5313CA821CEF59ED00381588 /* FBReminderTests.m */,
				5313CA841CEF59ED00381588 /* Info.plist */,
			);
			path = FBReminderTests;
			sourceTree = "<group>";
		};
		5313CA8C1CEF59ED00381588 /* FBReminderUITests */ = {
			isa = PBXGroup;
			children = (
				5313CA8D1CEF59ED00381588 /* FBReminderUITests.m */,
				5313CA8F1CEF59ED00381588 /* Info.plist */,
			);
			path = FBReminderUITests;
			sourceTree = "<group>";
		};
		5313CA9E1CEF5B8100381588 /* ViewController */ = {
			isa = PBXGroup;
			children = (
				5327F74E1CF059FD00DB6930 /* Create */,
				5313CA9F1CEF5B8C00381588 /* FBMainViewController.h */,
				5313CAA01CEF5B8C00381588 /* FBMainViewController.m */,
			);
			name = ViewController;
			sourceTree = "<group>";
		};
		5313CAA21CEF5BED00381588 /* Model */ = {
			isa = PBXGroup;
			children = (
				5313CAA31CEF5C0600381588 /* FBReminderItem.h */,
				5313CAA41CEF5C0600381588 /* FBReminderItem.m */,
				53D1E09C1CF9960100A5D0F8 /* FBNewReminderForm.h */,
				53D1E09D1CF9960100A5D0F8 /* FBNewReminderForm.m */,
			);
			name = Model;
			sourceTree = "<group>";
		};
		5327F74E1CF059FD00DB6930 /* Create */ = {
			isa = PBXGroup;
			children = (
				5316E6DD1CEF5E2D006DC2B3 /* FBNewReminderViewController.h */,
				5316E6DE1CEF5E2D006DC2B3 /* FBNewReminderViewController.m */,
				537EB8E91CFB33B500085840 /* FBNewReminderDatePickerViewController.h */,
				537EB8EA1CFB33B500085840 /* FBNewReminderDatePickerViewController.m */,
			);
			name = Create;
			sourceTree = "<group>";
		};
		53B1A7FD1CF05EF9002DFB04 /* View */ = {
			isa = PBXGroup;
			children = (
				53B1A7FE1CF05F29002DFB04 /* FBNewReminderTitleTableViewCell.h */,
				53B1A7FF1CF05F29002DFB04 /* FBNewReminderTitleTableViewCell.m */,
				53D1E0971CF991D500A5D0F8 /* FBNewReminderDatePickerTableViewCell.h */,
				53D1E0981CF991D500A5D0F8 /* FBNewReminderDatePickerTableViewCell.m */,
				53D1E0A21CFB279E00A5D0F8 /* FBNewReminderTimePickerTableViewCell.h */,
				53D1E0A31CFB279E00A5D0F8 /* FBNewReminderTimePickerTableViewCell.m */,
				537EB8EC1CFB348700085840 /* FBPresentNavigationView.h */,
				537EB8ED1CFB348700085840 /* FBPresentNavigationView.m */,
			);
			name = View;
			sourceTree = "<group>";
		};
		53B1A8011CF06586002DFB04 /* Resource */ = {
			isa = PBXGroup;
			children = (
				53B1A8021CF06597002DFB04 /* Image.xcassets */,
			);
			name = Resource;
			sourceTree = "<group>";
		};
		53D1E09F1CFB271900A5D0F8 /* ThirdPartyLibrary */ = {
			isa = PBXGroup;
			children = (
				53D1E0AB1CFB2A5B00A5D0F8 /* Images */,
				53D1E0A81CFB2A4500A5D0F8 /* Categories.h */,
				53D1E0A91CFB2A4500A5D0F8 /* Categories.m */,
				53D1E0A51CFB2A0300A5D0F8 /* KPTimePicker.h */,
				53D1E0A61CFB2A0300A5D0F8 /* KPTimePicker.m */,
			);
			name = ThirdPartyLibrary;
			sourceTree = "<group>";
		};
		53D1E0AB1CFB2A5B00A5D0F8 /* Images */ = {
			isa = PBXGroup;
			children = (
				53D1E0AC1CFB2A5B00A5D0F8 /* checkmark_icon_white.png */,
				53D1E0AD1CFB2A5B00A5D0F8 /* checkmark_icon_white@2x.png */,
				53D1E0AE1CFB2A5B00A5D0F8 /* picker_wheel@2x.png */,
				53D1E0AF1CFB2A5B00A5D0F8 /* picker_wheel_ip4.png */,
				53D1E0B01CFB2A5B00A5D0F8 /* picker_wheel_ip4@2x.png */,
				53D1E0B11CFB2A5B00A5D0F8 /* round_backarrow_big-high.png */,
				53D1E0B21CFB2A5B00A5D0F8 /* round_backarrow_big-high@2x.png */,
				53D1E0B31CFB2A5B00A5D0F8 /* round_backarrow_big.png */,
				53D1E0B41CFB2A5B00A5D0F8 /* round_backarrow_big@2x.png */,
				53D1E0B51CFB2A5B00A5D0F8 /* schedule_image_moon-high.png */,
				53D1E0B61CFB2A5B00A5D0F8 /* schedule_image_moon-high@2x.png */,
				53D1E0B71CFB2A5B00A5D0F8 /* schedule_image_sun-high.png */,
				53D1E0B81CFB2A5B00A5D0F8 /* schedule_image_sun-high@2x.png */,
			);
			path = Images;
			sourceTree = "<group>";
		};
		5B4C1262B31375F7F2E80613 /* Frameworks */ = {
			isa = PBXGroup;
			children = (
				A5FF52626131FE70613B2CF5 /* libPods-FBReminder.a */,
				4AF6B9A260B298C0E3F187D3 /* libPods-FBReminderTests.a */,
				B17E982D0BD76F1807B72C81 /* libPods-FBReminderUITests.a */,
			);
			name = Frameworks;
			sourceTree = "<group>";
		};
/* End PBXGroup section */

/* Begin PBXNativeTarget section */
		5313CA641CEF59EC00381588 /* FBReminder */ = {
			isa = PBXNativeTarget;
			buildConfigurationList = 5313CA921CEF59ED00381588 /* Build configuration list for PBXNativeTarget "FBReminder" */;
			buildPhases = (
				F9751047DC74DF04C06DE78A /* 📦 Check Pods Manifest.lock */,
				5313CA611CEF59EC00381588 /* Sources */,
				5313CA621CEF59EC00381588 /* Frameworks */,
				5313CA631CEF59EC00381588 /* Resources */,
				2A72E6E331519A4DE37EE68D /* 📦 Embed Pods Frameworks */,
				880EC3967E626423FC7BB89C /* 📦 Copy Pods Resources */,
			);
			buildRules = (
			);
			dependencies = (
			);
			name = FBReminder;
			productName = FBReminder;
			productReference = 5313CA651CEF59EC00381588 /* FBReminder.app */;
			productType = "com.apple.product-type.application";
		};
		5313CA7D1CEF59ED00381588 /* FBReminderTests */ = {
			isa = PBXNativeTarget;
			buildConfigurationList = 5313CA951CEF59ED00381588 /* Build configuration list for PBXNativeTarget "FBReminderTests" */;
			buildPhases = (
				C1DFBD5EAA91ABF94BDC179E /* 📦 Check Pods Manifest.lock */,
				5313CA7A1CEF59ED00381588 /* Sources */,
				5313CA7B1CEF59ED00381588 /* Frameworks */,
				5313CA7C1CEF59ED00381588 /* Resources */,
				96586EAAD789C8D5545A3589 /* 📦 Embed Pods Frameworks */,
				92CA855B28757DB9D54496EE /* 📦 Copy Pods Resources */,
			);
			buildRules = (
			);
			dependencies = (
				5313CA801CEF59ED00381588 /* PBXTargetDependency */,
			);
			name = FBReminderTests;
			productName = FBReminderTests;
			productReference = 5313CA7E1CEF59ED00381588 /* FBReminderTests.xctest */;
			productType = "com.apple.product-type.bundle.unit-test";
		};
		5313CA881CEF59ED00381588 /* FBReminderUITests */ = {
			isa = PBXNativeTarget;
			buildConfigurationList = 5313CA981CEF59ED00381588 /* Build configuration list for PBXNativeTarget "FBReminderUITests" */;
			buildPhases = (
				F7B8A5BF21C2FD5CC93E8CB8 /* 📦 Check Pods Manifest.lock */,
				5313CA851CEF59ED00381588 /* Sources */,
				5313CA861CEF59ED00381588 /* Frameworks */,
				5313CA871CEF59ED00381588 /* Resources */,
				9C4B5D75C0585F48E3E2AC2B /* 📦 Copy Pods Resources */,
			);
			buildRules = (
			);
			dependencies = (
				5313CA8B1CEF59ED00381588 /* PBXTargetDependency */,
			);
			name = FBReminderUITests;
			productName = FBReminderUITests;
			productReference = 5313CA891CEF59ED00381588 /* FBReminderUITests.xctest */;
			productType = "com.apple.product-type.bundle.ui-testing";
		};
/* End PBXNativeTarget section */

/* Begin PBXProject section */
		5313CA5D1CEF59EC00381588 /* Project object */ = {
			isa = PBXProject;
			attributes = {
				LastUpgradeCheck = 0720;
				ORGANIZATIONNAME = "Xiang Li";
				TargetAttributes = {
					5313CA641CEF59EC00381588 = {
						CreatedOnToolsVersion = 7.2;
						DevelopmentTeam = 2Z563XAPAC;
					};
					5313CA7D1CEF59ED00381588 = {
						CreatedOnToolsVersion = 7.2;
						TestTargetID = 5313CA641CEF59EC00381588;
					};
					5313CA881CEF59ED00381588 = {
						CreatedOnToolsVersion = 7.2;
						TestTargetID = 5313CA641CEF59EC00381588;
					};
				};
			};
			buildConfigurationList = 5313CA601CEF59EC00381588 /* Build configuration list for PBXProject "FBReminder" */;
			compatibilityVersion = "Xcode 3.2";
			developmentRegion = English;
			hasScannedForEncodings = 0;
			knownRegions = (
				en,
				Base,
			);
			mainGroup = 5313CA5C1CEF59EC00381588;
			productRefGroup = 5313CA661CEF59EC00381588 /* Products */;
			projectDirPath = "";
			projectRoot = "";
			targets = (
				5313CA641CEF59EC00381588 /* FBReminder */,
				5313CA7D1CEF59ED00381588 /* FBReminderTests */,
				5313CA881CEF59ED00381588 /* FBReminderUITests */,
			);
		};
/* End PBXProject section */

/* Begin PBXResourcesBuildPhase section */
		5313CA631CEF59EC00381588 /* Resources */ = {
			isa = PBXResourcesBuildPhase;
			buildActionMask = 2147483647;
			files = (
				53D1E0C41CFB2A5B00A5D0F8 /* schedule_image_sun-high.png in Resources */,
				53D1E0BB1CFB2A5B00A5D0F8 /* picker_wheel@2x.png in Resources */,
				53D1E0BC1CFB2A5B00A5D0F8 /* picker_wheel_ip4.png in Resources */,
				53D1E0BD1CFB2A5B00A5D0F8 /* picker_wheel_ip4@2x.png in Resources */,
				53D1E0C11CFB2A5B00A5D0F8 /* round_backarrow_big@2x.png in Resources */,
				53D1E0B91CFB2A5B00A5D0F8 /* checkmark_icon_white.png in Resources */,
				5313CA781CEF59ED00381588 /* LaunchScreen.storyboard in Resources */,
				53D1E0C21CFB2A5B00A5D0F8 /* schedule_image_moon-high.png in Resources */,
				53D1E0C01CFB2A5B00A5D0F8 /* round_backarrow_big.png in Resources */,
				53D1E0C31CFB2A5B00A5D0F8 /* schedule_image_moon-high@2x.png in Resources */,
				53D1E0BA1CFB2A5B00A5D0F8 /* checkmark_icon_white@2x.png in Resources */,
				53B1A8031CF06597002DFB04 /* Image.xcassets in Resources */,
				53D1E0C51CFB2A5B00A5D0F8 /* schedule_image_sun-high@2x.png in Resources */,
				53D1E0BF1CFB2A5B00A5D0F8 /* round_backarrow_big-high@2x.png in Resources */,
				5313CA751CEF59ED00381588 /* Assets.xcassets in Resources */,
				53D1E0BE1CFB2A5B00A5D0F8 /* round_backarrow_big-high.png in Resources */,
			);
			runOnlyForDeploymentPostprocessing = 0;
		};
		5313CA7C1CEF59ED00381588 /* Resources */ = {
			isa = PBXResourcesBuildPhase;
			buildActionMask = 2147483647;
			files = (
			);
			runOnlyForDeploymentPostprocessing = 0;
		};
		5313CA871CEF59ED00381588 /* Resources */ = {
			isa = PBXResourcesBuildPhase;
			buildActionMask = 2147483647;
			files = (
			);
			runOnlyForDeploymentPostprocessing = 0;
		};
/* End PBXResourcesBuildPhase section */

/* Begin PBXShellScriptBuildPhase section */
		2A72E6E331519A4DE37EE68D /* 📦 Embed Pods Frameworks */ = {
			isa = PBXShellScriptBuildPhase;
			buildActionMask = 2147483647;
			files = (
			);
			inputPaths = (
			);
			name = "📦 Embed Pods Frameworks";
			outputPaths = (
			);
			runOnlyForDeploymentPostprocessing = 0;
			shellPath = /bin/sh;
			shellScript = "\"${SRCROOT}/Pods/Target Support Files/Pods-FBReminder/Pods-FBReminder-frameworks.sh\"\n";
			showEnvVarsInLog = 0;
		};
		880EC3967E626423FC7BB89C /* 📦 Copy Pods Resources */ = {
			isa = PBXShellScriptBuildPhase;
			buildActionMask = 2147483647;
			files = (
			);
			inputPaths = (
			);
			name = "📦 Copy Pods Resources";
			outputPaths = (
			);
			runOnlyForDeploymentPostprocessing = 0;
			shellPath = /bin/sh;
			shellScript = "\"${SRCROOT}/Pods/Target Support Files/Pods-FBReminder/Pods-FBReminder-resources.sh\"\n";
			showEnvVarsInLog = 0;
		};
		92CA855B28757DB9D54496EE /* 📦 Copy Pods Resources */ = {
			isa = PBXShellScriptBuildPhase;
			buildActionMask = 2147483647;
			files = (
			);
			inputPaths = (
			);
			name = "📦 Copy Pods Resources";
			outputPaths = (
			);
			runOnlyForDeploymentPostprocessing = 0;
			shellPath = /bin/sh;
			shellScript = "\"${SRCROOT}/Pods/Target Support Files/Pods-FBReminderTests/Pods-FBReminderTests-resources.sh\"\n";
			showEnvVarsInLog = 0;
		};
		96586EAAD789C8D5545A3589 /* 📦 Embed Pods Frameworks */ = {
			isa = PBXShellScriptBuildPhase;
			buildActionMask = 2147483647;
			files = (
			);
			inputPaths = (
			);
			name = "📦 Embed Pods Frameworks";
			outputPaths = (
			);
			runOnlyForDeploymentPostprocessing = 0;
			shellPath = /bin/sh;
			shellScript = "\"${SRCROOT}/Pods/Target Support Files/Pods-FBReminderTests/Pods-FBReminderTests-frameworks.sh\"\n";
			showEnvVarsInLog = 0;
		};
		9C4B5D75C0585F48E3E2AC2B /* 📦 Copy Pods Resources */ = {
			isa = PBXShellScriptBuildPhase;
			buildActionMask = 2147483647;
			files = (
			);
			inputPaths = (
			);
			name = "📦 Copy Pods Resources";
			outputPaths = (
			);
			runOnlyForDeploymentPostprocessing = 0;
			shellPath = /bin/sh;
			shellScript = "\"${SRCROOT}/Pods/Target Support Files/Pods-FBReminderUITests/Pods-FBReminderUITests-resources.sh\"\n";
			showEnvVarsInLog = 0;
		};
		C1DFBD5EAA91ABF94BDC179E /* 📦 Check Pods Manifest.lock */ = {
			isa = PBXShellScriptBuildPhase;
			buildActionMask = 2147483647;
			files = (
			);
			inputPaths = (
			);
			name = "📦 Check Pods Manifest.lock";
			outputPaths = (
			);
			runOnlyForDeploymentPostprocessing = 0;
			shellPath = /bin/sh;
			shellScript = "diff \"${PODS_ROOT}/../Podfile.lock\" \"${PODS_ROOT}/Manifest.lock\" > /dev/null\nif [[ $? != 0 ]] ; then\n    cat << EOM\nerror: The sandbox is not in sync with the Podfile.lock. Run 'pod install' or update your CocoaPods installation.\nEOM\n    exit 1\nfi\n";
			showEnvVarsInLog = 0;
		};
		F7B8A5BF21C2FD5CC93E8CB8 /* 📦 Check Pods Manifest.lock */ = {
			isa = PBXShellScriptBuildPhase;
			buildActionMask = 2147483647;
			files = (
			);
			inputPaths = (
			);
			name = "📦 Check Pods Manifest.lock";
			outputPaths = (
			);
			runOnlyForDeploymentPostprocessing = 0;
			shellPath = /bin/sh;
			shellScript = "diff \"${PODS_ROOT}/../Podfile.lock\" \"${PODS_ROOT}/Manifest.lock\" > /dev/null\nif [[ $? != 0 ]] ; then\n    cat << EOM\nerror: The sandbox is not in sync with the Podfile.lock. Run 'pod install' or update your CocoaPods installation.\nEOM\n    exit 1\nfi\n";
			showEnvVarsInLog = 0;
		};
		F9751047DC74DF04C06DE78A /* 📦 Check Pods Manifest.lock */ = {
			isa = PBXShellScriptBuildPhase;
			buildActionMask = 2147483647;
			files = (
			);
			inputPaths = (
			);
			name = "📦 Check Pods Manifest.lock";
			outputPaths = (
			);
			runOnlyForDeploymentPostprocessing = 0;
			shellPath = /bin/sh;
			shellScript = "diff \"${PODS_ROOT}/../Podfile.lock\" \"${PODS_ROOT}/Manifest.lock\" > /dev/null\nif [[ $? != 0 ]] ; then\n    cat << EOM\nerror: The sandbox is not in sync with the Podfile.lock. Run 'pod install' or update your CocoaPods installation.\nEOM\n    exit 1\nfi\n";
			showEnvVarsInLog = 0;
		};
/* End PBXShellScriptBuildPhase section */

/* Begin PBXSourcesBuildPhase section */
		5313CA611CEF59EC00381588 /* Sources */ = {
			isa = PBXSourcesBuildPhase;
			buildActionMask = 2147483647;
			files = (
				53D1E0AA1CFB2A4500A5D0F8 /* Categories.m in Sources */,
				53D1E0991CF991D500A5D0F8 /* FBNewReminderDatePickerTableViewCell.m in Sources */,
				5313CAA51CEF5C0600381588 /* FBReminderItem.m in Sources */,
				537EB8EE1CFB348700085840 /* FBPresentNavigationView.m in Sources */,
				53D1E0A41CFB279E00A5D0F8 /* FBNewReminderTimePickerTableViewCell.m in Sources */,
				53D1E09E1CF9960100A5D0F8 /* FBNewReminderForm.m in Sources */,
				537EB8EB1CFB33B500085840 /* FBNewReminderDatePickerViewController.m in Sources */,
				5313CAA11CEF5B8C00381588 /* FBMainViewController.m in Sources */,
				53D1E0A71CFB2A0300A5D0F8 /* KPTimePicker.m in Sources */,
				5316E6DF1CEF5E2D006DC2B3 /* FBNewReminderViewController.m in Sources */,
				53B1A8001CF05F29002DFB04 /* FBNewReminderTitleTableViewCell.m in Sources */,
				5313CA6D1CEF59EC00381588 /* AppDelegate.m in Sources */,
				5313CA6A1CEF59EC00381588 /* main.m in Sources */,
			);
			runOnlyForDeploymentPostprocessing = 0;
		};
		5313CA7A1CEF59ED00381588 /* Sources */ = {
			isa = PBXSourcesBuildPhase;
			buildActionMask = 2147483647;
			files = (
				5313CA831CEF59ED00381588 /* FBReminderTests.m in Sources */,
			);
			runOnlyForDeploymentPostprocessing = 0;
		};
		5313CA851CEF59ED00381588 /* Sources */ = {
			isa = PBXSourcesBuildPhase;
			buildActionMask = 2147483647;
			files = (
				5313CA8E1CEF59ED00381588 /* FBReminderUITests.m in Sources */,
			);
			runOnlyForDeploymentPostprocessing = 0;
		};
/* End PBXSourcesBuildPhase section */

/* Begin PBXTargetDependency section */
		5313CA801CEF59ED00381588 /* PBXTargetDependency */ = {
			isa = PBXTargetDependency;
			target = 5313CA641CEF59EC00381588 /* FBReminder */;
			targetProxy = 5313CA7F1CEF59ED00381588 /* PBXContainerItemProxy */;
		};
		5313CA8B1CEF59ED00381588 /* PBXTargetDependency */ = {
			isa = PBXTargetDependency;
			target = 5313CA641CEF59EC00381588 /* FBReminder */;
			targetProxy = 5313CA8A1CEF59ED00381588 /* PBXContainerItemProxy */;
		};
/* End PBXTargetDependency section */

/* Begin PBXVariantGroup section */
		5313CA761CEF59ED00381588 /* LaunchScreen.storyboard */ = {
			isa = PBXVariantGroup;
			children = (
				5313CA771CEF59ED00381588 /* Base */,
			);
			name = LaunchScreen.storyboard;
			sourceTree = "<group>";
		};
/* End PBXVariantGroup section */

/* Begin XCBuildConfiguration section */
		5313CA901CEF59ED00381588 /* Debug */ = {
			isa = XCBuildConfiguration;
			buildSettings = {
				ALWAYS_SEARCH_USER_PATHS = NO;
				CLANG_CXX_LANGUAGE_STANDARD = "gnu++0x";
				CLANG_CXX_LIBRARY = "libc++";
				CLANG_ENABLE_MODULES = YES;
				CLANG_ENABLE_OBJC_ARC = YES;
				CLANG_WARN_BOOL_CONVERSION = YES;
				CLANG_WARN_CONSTANT_CONVERSION = YES;
				CLANG_WARN_DIRECT_OBJC_ISA_USAGE = YES_ERROR;
				CLANG_WARN_EMPTY_BODY = YES;
				CLANG_WARN_ENUM_CONVERSION = YES;
				CLANG_WARN_INT_CONVERSION = YES;
				CLANG_WARN_OBJC_ROOT_CLASS = YES_ERROR;
				CLANG_WARN_UNREACHABLE_CODE = YES;
				CLANG_WARN__DUPLICATE_METHOD_MATCH = YES;
				"CODE_SIGN_IDENTITY[sdk=iphoneos*]" = "iPhone Developer";
				COPY_PHASE_STRIP = NO;
				DEBUG_INFORMATION_FORMAT = dwarf;
				ENABLE_STRICT_OBJC_MSGSEND = YES;
				ENABLE_TESTABILITY = YES;
				GCC_C_LANGUAGE_STANDARD = gnu99;
				GCC_DYNAMIC_NO_PIC = NO;
				GCC_NO_COMMON_BLOCKS = YES;
				GCC_OPTIMIZATION_LEVEL = 0;
				GCC_PREPROCESSOR_DEFINITIONS = (
					"DEBUG=1",
					"$(inherited)",
				);
				GCC_WARN_64_TO_32_BIT_CONVERSION = YES;
				GCC_WARN_ABOUT_RETURN_TYPE = YES_ERROR;
				GCC_WARN_UNDECLARED_SELECTOR = YES;
				GCC_WARN_UNINITIALIZED_AUTOS = YES_AGGRESSIVE;
				GCC_WARN_UNUSED_FUNCTION = YES;
				GCC_WARN_UNUSED_VARIABLE = YES;
				IPHONEOS_DEPLOYMENT_TARGET = 9.2;
				MTL_ENABLE_DEBUG_INFO = YES;
				ONLY_ACTIVE_ARCH = YES;
				SDKROOT = iphoneos;
				TARGETED_DEVICE_FAMILY = "1,2";
			};
			name = Debug;
		};
		5313CA911CEF59ED00381588 /* Release */ = {
			isa = XCBuildConfiguration;
			buildSettings = {
				ALWAYS_SEARCH_USER_PATHS = NO;
				CLANG_CXX_LANGUAGE_STANDARD = "gnu++0x";
				CLANG_CXX_LIBRARY = "libc++";
				CLANG_ENABLE_MODULES = YES;
				CLANG_ENABLE_OBJC_ARC = YES;
				CLANG_WARN_BOOL_CONVERSION = YES;
				CLANG_WARN_CONSTANT_CONVERSION = YES;
				CLANG_WARN_DIRECT_OBJC_ISA_USAGE = YES_ERROR;
				CLANG_WARN_EMPTY_BODY = YES;
				CLANG_WARN_ENUM_CONVERSION = YES;
				CLANG_WARN_INT_CONVERSION = YES;
				CLANG_WARN_OBJC_ROOT_CLASS = YES_ERROR;
				CLANG_WARN_UNREACHABLE_CODE = YES;
				CLANG_WARN__DUPLICATE_METHOD_MATCH = YES;
				"CODE_SIGN_IDENTITY[sdk=iphoneos*]" = "iPhone Developer";
				COPY_PHASE_STRIP = NO;
				DEBUG_INFORMATION_FORMAT = "dwarf-with-dsym";
				ENABLE_NS_ASSERTIONS = NO;
				ENABLE_STRICT_OBJC_MSGSEND = YES;
				GCC_C_LANGUAGE_STANDARD = gnu99;
				GCC_NO_COMMON_BLOCKS = YES;
				GCC_WARN_64_TO_32_BIT_CONVERSION = YES;
				GCC_WARN_ABOUT_RETURN_TYPE = YES_ERROR;
				GCC_WARN_UNDECLARED_SELECTOR = YES;
				GCC_WARN_UNINITIALIZED_AUTOS = YES_AGGRESSIVE;
				GCC_WARN_UNUSED_FUNCTION = YES;
				GCC_WARN_UNUSED_VARIABLE = YES;
				IPHONEOS_DEPLOYMENT_TARGET = 9.2;
				MTL_ENABLE_DEBUG_INFO = NO;
				SDKROOT = iphoneos;
				TARGETED_DEVICE_FAMILY = "1,2";
				VALIDATE_PRODUCT = YES;
			};
			name = Release;
		};
		5313CA931CEF59ED00381588 /* Debug */ = {
			isa = XCBuildConfiguration;
			baseConfigurationReference = BCD4FB1DCE7185C354B3F4D5 /* Pods-FBReminder.debug.xcconfig */;
			buildSettings = {
				ASSETCATALOG_COMPILER_APPICON_NAME = AppIcon;
				CODE_SIGN_IDENTITY = "iPhone Developer";
				"CODE_SIGN_IDENTITY[sdk=iphoneos*]" = "iPhone Developer";
				INFOPLIST_FILE = FBReminder/Info.plist;
				IPHONEOS_DEPLOYMENT_TARGET = 8.0;
				LD_RUNPATH_SEARCH_PATHS = "$(inherited) @executable_path/Frameworks";
				PRODUCT_BUNDLE_IDENTIFIER = "FB-Corp..FBReminder";
				PRODUCT_NAME = "$(TARGET_NAME)";
				PROVISIONING_PROFILE = "";
			};
			name = Debug;
		};
		5313CA941CEF59ED00381588 /* Release */ = {
			isa = XCBuildConfiguration;
			baseConfigurationReference = 2089BDFAD117AAC753E968DC /* Pods-FBReminder.release.xcconfig */;
			buildSettings = {
				ASSETCATALOG_COMPILER_APPICON_NAME = AppIcon;
				CODE_SIGN_IDENTITY = "iPhone Developer";
				"CODE_SIGN_IDENTITY[sdk=iphoneos*]" = "iPhone Developer";
				INFOPLIST_FILE = FBReminder/Info.plist;
				IPHONEOS_DEPLOYMENT_TARGET = 8.0;
				LD_RUNPATH_SEARCH_PATHS = "$(inherited) @executable_path/Frameworks";
				PRODUCT_BUNDLE_IDENTIFIER = "FB-Corp..FBReminder";
				PRODUCT_NAME = "$(TARGET_NAME)";
				PROVISIONING_PROFILE = "";
			};
			name = Release;
		};
		5313CA961CEF59ED00381588 /* Debug */ = {
			isa = XCBuildConfiguration;
			baseConfigurationReference = 5507FBFE4CFBC6B3BEA11110 /* Pods-FBReminderTests.debug.xcconfig */;
			buildSettings = {
				BUNDLE_LOADER = "$(TEST_HOST)";
				INFOPLIST_FILE = FBReminderTests/Info.plist;
				LD_RUNPATH_SEARCH_PATHS = "$(inherited) @executable_path/Frameworks @loader_path/Frameworks";
				PRODUCT_BUNDLE_IDENTIFIER = "FB-Corp..FBReminderTests";
				PRODUCT_NAME = "$(TARGET_NAME)";
				TEST_HOST = "$(BUILT_PRODUCTS_DIR)/FBReminder.app/FBReminder";
			};
			name = Debug;
		};
		5313CA971CEF59ED00381588 /* Release */ = {
			isa = XCBuildConfiguration;
			baseConfigurationReference = 04D7642B4326FE4FE6E96B5E /* Pods-FBReminderTests.release.xcconfig */;
			buildSettings = {
				BUNDLE_LOADER = "$(TEST_HOST)";
				INFOPLIST_FILE = FBReminderTests/Info.plist;
				LD_RUNPATH_SEARCH_PATHS = "$(inherited) @executable_path/Frameworks @loader_path/Frameworks";
				PRODUCT_BUNDLE_IDENTIFIER = "FB-Corp..FBReminderTests";
				PRODUCT_NAME = "$(TARGET_NAME)";
				TEST_HOST = "$(BUILT_PRODUCTS_DIR)/FBReminder.app/FBReminder";
			};
			name = Release;
		};
		5313CA991CEF59ED00381588 /* Debug */ = {
			isa = XCBuildConfiguration;
			baseConfigurationReference = 08522122B31AEDBF636EB86C /* Pods-FBReminderUITests.debug.xcconfig */;
			buildSettings = {
				INFOPLIST_FILE = FBReminderUITests/Info.plist;
				LD_RUNPATH_SEARCH_PATHS = "$(inherited) @executable_path/Frameworks @loader_path/Frameworks";
				PRODUCT_BUNDLE_IDENTIFIER = "FB-Corp..FBReminderUITests";
				PRODUCT_NAME = "$(TARGET_NAME)";
				TEST_TARGET_NAME = FBReminder;
				USES_XCTRUNNER = YES;
			};
			name = Debug;
		};
		5313CA9A1CEF59ED00381588 /* Release */ = {
			isa = XCBuildConfiguration;
			baseConfigurationReference = 920095CC982D638E58426AEE /* Pods-FBReminderUITests.release.xcconfig */;
			buildSettings = {
				INFOPLIST_FILE = FBReminderUITests/Info.plist;
				LD_RUNPATH_SEARCH_PATHS = "$(inherited) @executable_path/Frameworks @loader_path/Frameworks";
				PRODUCT_BUNDLE_IDENTIFIER = "FB-Corp..FBReminderUITests";
				PRODUCT_NAME = "$(TARGET_NAME)";
				TEST_TARGET_NAME = FBReminder;
				USES_XCTRUNNER = YES;
			};
			name = Release;
		};
/* End XCBuildConfiguration section */

/* Begin XCConfigurationList section */
		5313CA601CEF59EC00381588 /* Build configuration list for PBXProject "FBReminder" */ = {
			isa = XCConfigurationList;
			buildConfigurations = (
				5313CA901CEF59ED00381588 /* Debug */,
				5313CA911CEF59ED00381588 /* Release */,
			);
			defaultConfigurationIsVisible = 0;
			defaultConfigurationName = Release;
		};
		5313CA921CEF59ED00381588 /* Build configuration list for PBXNativeTarget "FBReminder" */ = {
			isa = XCConfigurationList;
			buildConfigurations = (
				5313CA931CEF59ED00381588 /* Debug */,
				5313CA941CEF59ED00381588 /* Release */,
			);
			defaultConfigurationIsVisible = 0;
			defaultConfigurationName = Release;
		};
		5313CA951CEF59ED00381588 /* Build configuration list for PBXNativeTarget "FBReminderTests" */ = {
			isa = XCConfigurationList;
			buildConfigurations = (
				5313CA961CEF59ED00381588 /* Debug */,
				5313CA971CEF59ED00381588 /* Release */,
			);
			defaultConfigurationIsVisible = 0;
			defaultConfigurationName = Release;
		};
		5313CA981CEF59ED00381588 /* Build configuration list for PBXNativeTarget "FBReminderUITests" */ = {
			isa = XCConfigurationList;
			buildConfigurations = (
				5313CA991CEF59ED00381588 /* Debug */,
				5313CA9A1CEF59ED00381588 /* Release */,
			);
			defaultConfigurationIsVisible = 0;
			defaultConfigurationName = Release;
		};
/* End XCConfigurationList section */
	};
	rootObject = 5313CA5D1CEF59EC00381588 /* Project object */;
}
